
Microsoft Visual Studio Solution File, Format Version 12.00
# Visual Studio 14
VisualStudioVersion = 14.0.25420.1
MinimumVisualStudioVersion = 10.0.40219.1
Project("{2150E333-8FDC-42A3-9474-1A3956D46DE8}") = "src", "src", "{E8FD40D6-77B5-438A-8F6C-BFE2408884FC}"
EndProject
Project("{2150E333-8FDC-42A3-9474-1A3956D46DE8}") = "Solution Items", "Solution Items", "{3A6453B3-60F0-4C90-87FE-C96F7345070E}"
	ProjectSection(SolutionItems) = preProject
		global.json = global.json
	EndProjectSection
EndProject
Project("{8BB2217D-0F2D-49D1-97BC-3654ED321F3B}") = "UpWay2Late.WebSite", "src\UpWay2Late.WebSite\UpWay2Late.WebSite.xproj", "{E31D54C4-DF6D-40AE-8C20-D6E7DEB343A7}"
EndProject
Global
	GlobalSection(SolutionConfigurationPlatforms) = preSolution
		Debug|Any CPU = Debug|Any CPU
		Release|Any CPU = Release|Any CPU
	EndGlobalSection
	GlobalSection(ProjectConfigurationPlatforms) = postSolution
		{E31D54C4-DF6D-40AE-8C20-D6E7DEB343A7}.Debug|Any CPU.ActiveCfg = Debug|Any CPU
		{E31D54C4-DF6D-40AE-8C20-D6E7DEB343A7}.Debug|Any CPU.Build.0 = Debug|Any CPU
		{E31D54C4-DF6D-40AE-8C20-D6E7DEB343A7}.Release|Any CPU.ActiveCfg = Release|Any CPU
		{E31D54C4-DF6D-40AE-8C20-D6E7DEB343A7}.Release|Any CPU.Build.0 = Release|Any CPU
	EndGlobalSection
	GlobalSection(SolutionProperties) = preSolution
		HideSolutionNode = FALSE
	EndGlobalSection
	GlobalSection(NestedProjects) = preSolution
		{E31D54C4-DF6D-40AE-8C20-D6E7DEB343A7} = {E8FD40D6-77B5-438A-8F6C-BFE2408884FC}
	EndGlobalSection
EndGlobal
